
Microsoft Visual Studio Solution File, Format Version 12.00
# Visual Studio Version 16
VisualStudioVersion = 16.0.34031.81
MinimumVisualStudioVersion = 10.0.40219.1
Project("{FAE04EC0-301F-11D3-BF4B-00C04F79EFBC}") = "udpwinformgit", "udpwinformgit\udpwinformgit.csproj", "{437AF29B-5066-4CD7-9A57-D37D3ABB63B5}"
EndProject
Project("{FAE04EC0-301F-11D3-BF4B-00C04F79EFBC}") = "IPAddressControlLib", "udpwinformgit\IPAddressControlLib\IPAddressControlLib.csproj", "{259C297E-A054-4EB4-88A3-8BB1F37506C5}"
EndProject
Project("{9A19103F-16F7-4668-BE54-9A1E7A4F7556}") = "TestProjectforUDP", "TestProjectforUDP\TestProjectforUDP.csproj", "{66E9FF02-487B-4884-A463-082E53630174}"
EndProject
Global
	GlobalSection(SolutionConfigurationPlatforms) = preSolution
		Debug|Any CPU = Debug|Any CPU
		Release|Any CPU = Release|Any CPU
	EndGlobalSection
	GlobalSection(ProjectConfigurationPlatforms) = postSolution
		{437AF29B-5066-4CD7-9A57-D37D3ABB63B5}.Debug|Any CPU.ActiveCfg = Debug|Any CPU
		{437AF29B-5066-4CD7-9A57-D37D3ABB63B5}.Debug|Any CPU.Build.0 = Debug|Any CPU
		{437AF29B-5066-4CD7-9A57-D37D3ABB63B5}.Release|Any CPU.ActiveCfg = Release|Any CPU
		{437AF29B-5066-4CD7-9A57-D37D3ABB63B5}.Release|Any CPU.Build.0 = Release|Any CPU
		{259C297E-A054-4EB4-88A3-8BB1F37506C5}.Debug|Any CPU.ActiveCfg = Debug|Any CPU
		{259C297E-A054-4EB4-88A3-8BB1F37506C5}.Debug|Any CPU.Build.0 = Debug|Any CPU
		{259C297E-A054-4EB4-88A3-8BB1F37506C5}.Release|Any CPU.ActiveCfg = Release|Any CPU
		{259C297E-A054-4EB4-88A3-8BB1F37506C5}.Release|Any CPU.Build.0 = Release|Any CPU
		{66E9FF02-487B-4884-A463-082E53630174}.Debug|Any CPU.ActiveCfg = Debug|Any CPU
		{66E9FF02-487B-4884-A463-082E53630174}.Debug|Any CPU.Build.0 = Debug|Any CPU
		{66E9FF02-487B-4884-A463-082E53630174}.Release|Any CPU.ActiveCfg = Release|Any CPU
		{66E9FF02-487B-4884-A463-082E53630174}.Release|Any CPU.Build.0 = Release|Any CPU
	EndGlobalSection
	GlobalSection(SolutionProperties) = preSolution
		HideSolutionNode = FALSE
	EndGlobalSection
	GlobalSection(ExtensibilityGlobals) = postSolution
		SolutionGuid = {B91D94C3-8268-4594-A3CA-51CBCB8E1C20}
	EndGlobalSection
EndGlobal
